lockfileVersion: '9.0'

settings:
  autoInstallPeers: true
  excludeLinksFromLockfile: false

importers:

  .:
    dependencies:
      '@dotenvx/dotenvx':
        specifier: ^1.41.0
        version: 1.41.0
      imapflow:
        specifier: ^1.0.184
        version: 1.0.184
      mailparser:
        specifier: ^3.7.2
        version: 3.7.2
      nodemailer:
        specifier: ^6.10.1
        version: 6.10.1
    devDependencies:
      '@types/imapflow':
        specifier: ^1.0.20
        version: 1.0.20
      '@types/mailparser':
        specifier: ^3.4.5
        version: 3.4.5
      '@types/nodemailer':
        specifier: ^6.4.17
        version: 6.4.17
      esbuild:
        specifier: ^0.25.2
        version: 0.25.2

packages:

  '@dotenvx/dotenvx@1.41.0':
    resolution: {integrity: sha512-lFZOSKLM2/Jm7FXYUIvnciUhMsuEatyxCgau4lnjDD59LaSYiaNLjyjnUL/aYpH1+iaDhD37+mPOzH9kBZlUJQ==}
    hasBin: true

  '@ecies/ciphers@0.2.3':
    resolution: {integrity: sha512-tapn6XhOueMwht3E2UzY0ZZjYokdaw9XtL9kEyjhQ/Fb9vL9xTFbOaI+fV0AWvTpYu4BNloC6getKW6NtSg4mA==}
    engines: {bun: '>=1', deno: '>=2', node: '>=16'}
    peerDependencies:
      '@noble/ciphers': ^1.0.0

  '@esbuild/aix-ppc64@0.25.2':
    resolution: {integrity: sha512-wCIboOL2yXZym2cgm6mlA742s9QeJ8DjGVaL39dLN4rRwrOgOyYSnOaFPhKZGLb2ngj4EyfAFjsNJwPXZvseag==}
    engines: {node: '>=18'}
    cpu: [ppc64]
    os: [aix]

  '@esbuild/android-arm64@0.25.2':
    resolution: {integrity: sha512-5ZAX5xOmTligeBaeNEPnPaeEuah53Id2tX4c2CVP3JaROTH+j4fnfHCkr1PjXMd78hMst+TlkfKcW/DlTq0i4w==}
    engines: {node: '>=18'}
    cpu: [arm64]
    os: [android]

  '@esbuild/android-arm@0.25.2':
    resolution: {integrity: sha512-NQhH7jFstVY5x8CKbcfa166GoV0EFkaPkCKBQkdPJFvo5u+nGXLEH/ooniLb3QI8Fk58YAx7nsPLozUWfCBOJA==}
    engines: {node: '>=18'}
    cpu: [arm]
    os: [android]

  '@esbuild/android-x64@0.25.2':
    resolution: {integrity: sha512-Ffcx+nnma8Sge4jzddPHCZVRvIfQ0kMsUsCMcJRHkGJ1cDmhe4SsrYIjLUKn1xpHZybmOqCWwB0zQvsjdEHtkg==}
    engines: {node: '>=18'}
    cpu: [x64]
    os: [android]

  '@esbuild/darwin-arm64@0.25.2':
    resolution: {integrity: sha512-MpM6LUVTXAzOvN4KbjzU/q5smzryuoNjlriAIx+06RpecwCkL9JpenNzpKd2YMzLJFOdPqBpuub6eVRP5IgiSA==}
    engines: {node: '>=18'}
    cpu: [arm64]
    os: [darwin]

  '@esbuild/darwin-x64@0.25.2':
    resolution: {integrity: sha512-5eRPrTX7wFyuWe8FqEFPG2cU0+butQQVNcT4sVipqjLYQjjh8a8+vUTfgBKM88ObB85ahsnTwF7PSIt6PG+QkA==}
    engines: {node: '>=18'}
    cpu: [x64]
    os: [darwin]

  '@esbuild/freebsd-arm64@0.25.2':
    resolution: {integrity: sha512-mLwm4vXKiQ2UTSX4+ImyiPdiHjiZhIaE9QvC7sw0tZ6HoNMjYAqQpGyui5VRIi5sGd+uWq940gdCbY3VLvsO1w==}
    engines: {node: '>=18'}
    cpu: [arm64]
    os: [freebsd]

  '@esbuild/freebsd-x64@0.25.2':
    resolution: {integrity: sha512-6qyyn6TjayJSwGpm8J9QYYGQcRgc90nmfdUb0O7pp1s4lTY+9D0H9O02v5JqGApUyiHOtkz6+1hZNvNtEhbwRQ==}
    engines: {node: '>=18'}
    cpu: [x64]
    os: [freebsd]

  '@esbuild/linux-arm64@0.25.2':
    resolution: {integrity: sha512-gq/sjLsOyMT19I8obBISvhoYiZIAaGF8JpeXu1u8yPv8BE5HlWYobmlsfijFIZ9hIVGYkbdFhEqC0NvM4kNO0g==}
    engines: {node: '>=18'}
    cpu: [arm64]
    os: [linux]

  '@esbuild/linux-arm@0.25.2':
    resolution: {integrity: sha512-UHBRgJcmjJv5oeQF8EpTRZs/1knq6loLxTsjc3nxO9eXAPDLcWW55flrMVc97qFPbmZP31ta1AZVUKQzKTzb0g==}
    engines: {node: '>=18'}
    cpu: [arm]
    os: [linux]

  '@esbuild/linux-ia32@0.25.2':
    resolution: {integrity: sha512-bBYCv9obgW2cBP+2ZWfjYTU+f5cxRoGGQ5SeDbYdFCAZpYWrfjjfYwvUpP8MlKbP0nwZ5gyOU/0aUzZ5HWPuvQ==}
    engines: {node: '>=18'}
    cpu: [ia32]
    os: [linux]

  '@esbuild/linux-loong64@0.25.2':
    resolution: {integrity: sha512-SHNGiKtvnU2dBlM5D8CXRFdd+6etgZ9dXfaPCeJtz+37PIUlixvlIhI23L5khKXs3DIzAn9V8v+qb1TRKrgT5w==}
    engines: {node: '>=18'}
    cpu: [loong64]
    os: [linux]

  '@esbuild/linux-mips64el@0.25.2':
    resolution: {integrity: sha512-hDDRlzE6rPeoj+5fsADqdUZl1OzqDYow4TB4Y/3PlKBD0ph1e6uPHzIQcv2Z65u2K0kpeByIyAjCmjn1hJgG0Q==}
    engines: {node: '>=18'}
    cpu: [mips64el]
    os: [linux]

  '@esbuild/linux-ppc64@0.25.2':
    resolution: {integrity: sha512-tsHu2RRSWzipmUi9UBDEzc0nLc4HtpZEI5Ba+Omms5456x5WaNuiG3u7xh5AO6sipnJ9r4cRWQB2tUjPyIkc6g==}
    engines: {node: '>=18'}
    cpu: [ppc64]
    os: [linux]

  '@esbuild/linux-riscv64@0.25.2':
    resolution: {integrity: sha512-k4LtpgV7NJQOml/10uPU0s4SAXGnowi5qBSjaLWMojNCUICNu7TshqHLAEbkBdAszL5TabfvQ48kK84hyFzjnw==}
    engines: {node: '>=18'}
    cpu: [riscv64]
    os: [linux]

  '@esbuild/linux-s390x@0.25.2':
    resolution: {integrity: sha512-GRa4IshOdvKY7M/rDpRR3gkiTNp34M0eLTaC1a08gNrh4u488aPhuZOCpkF6+2wl3zAN7L7XIpOFBhnaE3/Q8Q==}
    engines: {node: '>=18'}
    cpu: [s390x]
    os: [linux]

  '@esbuild/linux-x64@0.25.2':
    resolution: {integrity: sha512-QInHERlqpTTZ4FRB0fROQWXcYRD64lAoiegezDunLpalZMjcUcld3YzZmVJ2H/Cp0wJRZ8Xtjtj0cEHhYc/uUg==}
    engines: {node: '>=18'}
    cpu: [x64]
    os: [linux]

  '@esbuild/netbsd-arm64@0.25.2':
    resolution: {integrity: sha512-talAIBoY5M8vHc6EeI2WW9d/CkiO9MQJ0IOWX8hrLhxGbro/vBXJvaQXefW2cP0z0nQVTdQ/eNyGFV1GSKrxfw==}
    engines: {node: '>=18'}
    cpu: [arm64]
    os: [netbsd]

  '@esbuild/netbsd-x64@0.25.2':
    resolution: {integrity: sha512-voZT9Z+tpOxrvfKFyfDYPc4DO4rk06qamv1a/fkuzHpiVBMOhpjK+vBmWM8J1eiB3OLSMFYNaOaBNLXGChf5tg==}
    engines: {node: '>=18'}
    cpu: [x64]
    os: [netbsd]

  '@esbuild/openbsd-arm64@0.25.2':
    resolution: {integrity: sha512-dcXYOC6NXOqcykeDlwId9kB6OkPUxOEqU+rkrYVqJbK2hagWOMrsTGsMr8+rW02M+d5Op5NNlgMmjzecaRf7Tg==}
    engines: {node: '>=18'}
    cpu: [arm64]
    os: [openbsd]

  '@esbuild/openbsd-x64@0.25.2':
    resolution: {integrity: sha512-t/TkWwahkH0Tsgoq1Ju7QfgGhArkGLkF1uYz8nQS/PPFlXbP5YgRpqQR3ARRiC2iXoLTWFxc6DJMSK10dVXluw==}
    engines: {node: '>=18'}
    cpu: [x64]
    os: [openbsd]

  '@esbuild/sunos-x64@0.25.2':
    resolution: {integrity: sha512-cfZH1co2+imVdWCjd+D1gf9NjkchVhhdpgb1q5y6Hcv9TP6Zi9ZG/beI3ig8TvwT9lH9dlxLq5MQBBgwuj4xvA==}
    engines: {node: '>=18'}
    cpu: [x64]
    os: [sunos]

  '@esbuild/win32-arm64@0.25.2':
    resolution: {integrity: sha512-7Loyjh+D/Nx/sOTzV8vfbB3GJuHdOQyrOryFdZvPHLf42Tk9ivBU5Aedi7iyX+x6rbn2Mh68T4qq1SDqJBQO5Q==}
    engines: {node: '>=18'}
    cpu: [arm64]
    os: [win32]

  '@esbuild/win32-ia32@0.25.2':
    resolution: {integrity: sha512-WRJgsz9un0nqZJ4MfhabxaD9Ft8KioqU3JMinOTvobbX6MOSUigSBlogP8QB3uxpJDsFS6yN+3FDBdqE5lg9kg==}
    engines: {node: '>=18'}
    cpu: [ia32]
    os: [win32]

  '@esbuild/win32-x64@0.25.2':
    resolution: {integrity: sha512-kM3HKb16VIXZyIeVrM1ygYmZBKybX8N4p754bw390wGO3Tf2j4L2/WYL+4suWujpgf6GBYs3jv7TyUivdd05JA==}
    engines: {node: '>=18'}
    cpu: [x64]
    os: [win32]

  '@noble/ciphers@1.2.1':
    resolution: {integrity: sha512-rONPWMC7PeExE077uLE4oqWrZ1IvAfz3oH9LibVAcVCopJiA9R62uavnbEzdkVmJYI6M6Zgkbeb07+tWjlq2XA==}
    engines: {node: ^14.21.3 || >=16}

  '@noble/curves@1.8.2':
    resolution: {integrity: sha512-vnI7V6lFNe0tLAuJMu+2sX+FcL14TaCWy1qiczg1VwRmPrpQCdq5ESXQMqUc2tluRNf6irBXrWbl1mGN8uaU/g==}
    engines: {node: ^14.21.3 || >=16}

  '@noble/hashes@1.7.2':
    resolution: {integrity: sha512-biZ0NUSxyjLLqo6KxEJ1b+C2NAx0wtDoFvCaXHGgUkeHzf3Xc1xKumFKREuT7f7DARNZ/slvYUwFG6B0f2b6hQ==}
    engines: {node: ^14.21.3 || >=16}

  '@selderee/plugin-htmlparser2@0.11.0':
    resolution: {integrity: sha512-P33hHGdldxGabLFjPPpaTxVolMrzrcegejx+0GxjrIb9Zv48D8yAIA/QTDR2dFl7Uz7urX8aX6+5bCZslr+gWQ==}

  '@types/imapflow@1.0.20':
    resolution: {integrity: sha512-kmBeiV815byuxYlu2lomAx3VY3SsyOYg4rDsK5vT6CGZ6Sow2AUEZwieql8uAizO6+p4sQchw/g3vQX76XBIpA==}

  '@types/mailparser@3.4.5':
    resolution: {integrity: sha512-EPERBp7fLeFZh7tS2X36MF7jawUx3Y6/0rXciZah3CTYgwLi3e0kpGUJ6FOmUabgzis/U1g+3/JzrVWbWIOGjg==}

  '@types/node@22.14.1':
    resolution: {integrity: sha512-u0HuPQwe/dHrItgHHpmw3N2fYCR6x4ivMNbPHRkBVP4CvN+kiRrKHWk3i8tXiO/joPwXLMYvF9TTF0eqgHIuOw==}

  '@types/nodemailer@6.4.17':
    resolution: {integrity: sha512-I9CCaIp6DTldEg7vyUTZi8+9Vo0hi1/T8gv3C89yk1rSAAzoKQ8H8ki/jBYJSFoH/BisgLP8tkZMlQ91CIquww==}

  atomic-sleep@1.0.0:
    resolution: {integrity: sha512-kNOjDqAh7px0XWNI+4QbzoiR/nTkHAWNud2uvnJquD1/x5a7EQZMJT0AczqK0Qn67oY/TTQ1LbUKajZpp3I9tQ==}
    engines: {node: '>=8.0.0'}

  commander@11.1.0:
    resolution: {integrity: sha512-yPVavfyCcRhmorC7rWlkHn15b4wDVgVmBA7kV4QVBsF7kv/9TKJAbAXVTxvTnwP8HHKjRCJDClKbciiYS7p0DQ==}
    engines: {node: '>=16'}

  cross-spawn@7.0.6:
    resolution: {integrity: sha512-uV2QOWP2nWzsy2aMp8aRibhi9dlzF5Hgh5SHaB9OiTGEyDTiJJyx0uy51QXdyWbtAHNua4XJzUKca3OzKUd3vA==}
    engines: {node: '>= 8'}

  deepmerge@4.3.1:
    resolution: {integrity: sha512-3sUqbMEc77XqpdNO7FRyRog+eW3ph+GYCbj+rK+uYyRMuwsVy0rMiVtPn+QJlKFvWP/1PYpapqYn0Me2knFn+A==}
    engines: {node: '>=0.10.0'}

  dom-serializer@2.0.0:
    resolution: {integrity: sha512-wIkAryiqt/nV5EQKqQpo3SToSOV9J0DnbJqwK7Wv/Trc92zIAYZ4FlMu+JPFW1DfGFt81ZTCGgDEabffXeLyJg==}

  domelementtype@2.3.0:
    resolution: {integrity: sha512-OLETBj6w0OsagBwdXnPdN0cnMfF9opN69co+7ZrbfPGrdpPVNBUj02spi6B1N7wChLQiPn4CSH/zJvXw56gmHw==}

  domhandler@5.0.3:
    resolution: {integrity: sha512-cgwlv/1iFQiFnU96XXgROh8xTeetsnJiDsTc7TYCLFd9+/WNkIqPTxiM/8pSd8VIrhXGTf1Ny1q1hquVqDJB5w==}
    engines: {node: '>= 4'}

  domutils@3.2.2:
    resolution: {integrity: sha512-6kZKyUajlDuqlHKVX1w7gyslj9MPIXzIFiz/rGu35uC1wMi+kMhQwGhl4lt9unC9Vb9INnY9Z3/ZA3+FhASLaw==}

  dotenv@16.5.0:
    resolution: {integrity: sha512-m/C+AwOAr9/W1UOIZUo232ejMNnJAJtYQjUbHoNTBNTJSvqzzDh7vnrei3o3r3m9blf6ZoDkvcw0VmozNRFJxg==}
    engines: {node: '>=12'}

  eciesjs@0.4.14:
    resolution: {integrity: sha512-eJAgf9pdv214Hn98FlUzclRMYWF7WfoLlkS9nWMTm1qcCwn6Ad4EGD9lr9HXMBfSrZhYQujRE+p0adPRkctC6A==}
    engines: {bun: '>=1', deno: '>=2', node: '>=16'}

  encoding-japanese@2.2.0:
    resolution: {integrity: sha512-EuJWwlHPZ1LbADuKTClvHtwbaFn4rOD+dRAbWysqEOXRc2Uui0hJInNJrsdH0c+OhJA4nrCBdSkW4DD5YxAo6A==}
    engines: {node: '>=8.10.0'}

  entities@4.5.0:
    resolution: {integrity: sha512-V0hjH4dGPh9Ao5p0MoRY6BVqtwCjhz6vI5LT8AJ55H+4g9/4vbHx1I54fS0XuclLhDHArPQCiMjDxjaL8fPxhw==}
    engines: {node: '>=0.12'}

  esbuild@0.25.2:
    resolution: {integrity: sha512-16854zccKPnC+toMywC+uKNeYSv+/eXkevRAfwRD/G9Cleq66m8XFIrigkbvauLLlCfDL45Q2cWegSg53gGBnQ==}
    engines: {node: '>=18'}
    hasBin: true

  execa@5.1.1:
    resolution: {integrity: sha512-8uSpZZocAZRBAPIEINJj3Lo9HyGitllczc27Eh5YYojjMFMn8yHMDMaUHE2Jqfq05D/wucwI4JGURyXt1vchyg==}
    engines: {node: '>=10'}

  fast-redact@3.5.0:
    resolution: {integrity: sha512-dwsoQlS7h9hMeYUq1W++23NDcBLV4KqONnITDV9DjfS3q1SgDGVrBdvvTLUotWtPSD7asWDV9/CmsZPy8Hf70A==}
    engines: {node: '>=6'}

  fdir@6.4.4:
    resolution: {integrity: sha512-1NZP+GK4GfuAv3PqKvxQRDMjdSRZjnkq7KfhlNrCNNlZ0ygQFpebfrnfnq/W7fpUnAv9aGWmY1zKx7FYL3gwhg==}
    peerDependencies:
      picomatch: ^3 || ^4
    peerDependenciesMeta:
      picomatch:
        optional: true

  get-stream@6.0.1:
    resolution: {integrity: sha512-ts6Wi+2j3jQjqi70w5AlN8DFnkSwC+MqmxEzdEALB2qXZYV3X/b1CTfgPLGJNMeAWxdPfU8FO1ms3NUfaHCPYg==}
    engines: {node: '>=10'}

  he@1.2.0:
    resolution: {integrity: sha512-F/1DnUGPopORZi0ni+CvrCgHQ5FyEAHRLSApuYWMmrbSwoN2Mn/7k+Gl38gJnR7yyDZk6WLXwiGod1JOWNDKGw==}
    hasBin: true

  html-to-text@9.0.5:
    resolution: {integrity: sha512-qY60FjREgVZL03vJU6IfMV4GDjGBIoOyvuFdpBDIX9yTlDw0TjxVBQp+P8NvpdIXNJvfWBTNul7fsAQJq2FNpg==}
    engines: {node: '>=14'}

  htmlparser2@8.0.2:
    resolution: {integrity: sha512-GYdjWKDkbRLkZ5geuHs5NY1puJ+PXwP7+fHPRz06Eirsb9ugf6d8kkXav6ADhcODhFFPMIXyxkxSuMf3D6NCFA==}

  human-signals@2.1.0:
    resolution: {integrity: sha512-B4FFZ6q/T2jhhksgkbEW3HBvWIfDW85snkQgawt07S7J5QXTk6BkNV+0yAeZrM5QpMAdYlocGoljn0sJ/WQkFw==}
    engines: {node: '>=10.17.0'}

  iconv-lite@0.6.3:
    resolution: {integrity: sha512-4fCk79wshMdzMp2rH06qWrJE4iolqLhCUH+OiuIgU++RB0+94NlDL81atO7GX55uUKueo0txHNtvEyI6D7WdMw==}
    engines: {node: '>=0.10.0'}

  ignore@5.3.2:
    resolution: {integrity: sha512-hsBTNUqQTDwkWtcdYI2i06Y/nUBEsNEDJKjWdigLvegy8kDuJAS8uRlpkkcQpyEXL0Z/pjDy5HBmMjRCJ2gq+g==}
    engines: {node: '>= 4'}

  imapflow@1.0.184:
    resolution: {integrity: sha512-GKGyNBe7JWF+vP7TZP5AcGe1XJzw+H2D1MGPqdJc5SZ2KQLvGBF/JIhx/TCp3962oraQwW8CTUDFRtRGcEzkMQ==}

  ip-address@9.0.5:
    resolution: {integrity: sha512-zHtQzGojZXTwZTHQqra+ETKd4Sn3vgi7uBmlPoXVWZqYvuKmtI0l/VZTjqGmJY9x88GGOaZ9+G9ES8hC4T4X8g==}
    engines: {node: '>= 12'}

  is-stream@2.0.1:
    resolution: {integrity: sha512-hFoiJiTl63nn+kstHGBtewWSKnQLpyb155KHheA1l39uvtO9nWIop1p3udqPcUd/xbF1VLMO4n7OI6p7RbngDg==}
    engines: {node: '>=8'}

  isexe@2.0.0:
    resolution: {integrity: sha512-RHxMLp9lnKHGHRng9QFhRCMbYAcVpn69smSGcq3f36xjgVVWThj4qqLbTLlq7Ssj8B+fIQ1EuCEGI2lKsyQeIw==}

  isexe@3.1.1:
    resolution: {integrity: sha512-LpB/54B+/2J5hqQ7imZHfdU31OlgQqx7ZicVlkm9kzg9/w8GKLEcFfJl/t7DCEDueOyBAD6zCCwTO6Fzs0NoEQ==}
    engines: {node: '>=16'}

  jsbn@1.1.0:
    resolution: {integrity: sha512-4bYVV3aAMtDTTu4+xsDYa6sy9GyJ69/amsu9sYF2zqjiEoZA5xJi3BrfX3uY+/IekIu7MwdObdbDWpoZdBv3/A==}

  leac@0.6.0:
    resolution: {integrity: sha512-y+SqErxb8h7nE/fiEX07jsbuhrpO9lL8eca7/Y1nuWV2moNlXhyd59iDGcRf6moVyDMbmTNzL40SUyrFU/yDpg==}

  libbase64@1.3.0:
    resolution: {integrity: sha512-GgOXd0Eo6phYgh0DJtjQ2tO8dc0IVINtZJeARPeiIJqge+HdsWSuaDTe8ztQ7j/cONByDZ3zeB325AHiv5O0dg==}

  libmime@5.3.6:
    resolution: {integrity: sha512-j9mBC7eiqi6fgBPAGvKCXJKJSIASanYF4EeA4iBzSG0HxQxmXnR3KbyWqTn4CwsKSebqCv2f5XZfAO6sKzgvwA==}

  libqp@2.1.1:
    resolution: {integrity: sha512-0Wd+GPz1O134cP62YU2GTOPNA7Qgl09XwCqM5zpBv87ERCXdfDtyKXvV7c9U22yWJh44QZqBocFnXN11K96qow==}

  linkify-it@5.0.0:
    resolution: {integrity: sha512-5aHCbzQRADcdP+ATqnDuhhJ/MRIqDkZX5pyjFHRRysS8vZ5AbqGEoFIb6pYHPZ+L/OC2Lc+xT8uHVVR5CAK/wQ==}

  mailparser@3.7.2:
    resolution: {integrity: sha512-iI0p2TCcIodR1qGiRoDBBwboSSff50vQAWytM5JRggLfABa4hHYCf3YVujtuzV454xrOP352VsAPIzviqMTo4Q==}

  mailsplit@5.4.2:
    resolution: {integrity: sha512-4cczG/3Iu3pyl8JgQ76dKkisurZTmxMrA4dj/e8d2jKYcFTZ7MxOzg1gTioTDMPuFXwTrVuN/gxhkrO7wLg7qA==}

  mailsplit@5.4.3:
    resolution: {integrity: sha512-PFV0BBh4Tv7Omui5FtXXVtN4ExAxIi8Yvmb9JgBz+J6Hnnrv/YYXLlKKudLhXwd3/qWEATOslRsnzVCWDeCnmQ==}

  merge-stream@2.0.0:
    resolution: {integrity: sha512-abv/qOcuPfk3URPfDzmZU1LKmuw8kT+0nIHvKrKgFrwifol/doWcdA4ZqsWQ8ENrFKkd67Mfpo/LovbIUsbt3w==}

  mimic-fn@2.1.0:
    resolution: {integrity: sha512-OqbOk5oEQeAZ8WXWydlu9HJjz9WVdEIvamMCcXmuqUYjTknH/sqsWvhQ3vgwKFRR1HpjvNBKQ37nbJgYzGqGcg==}
    engines: {node: '>=6'}

  nodemailer@6.10.0:
    resolution: {integrity: sha512-SQ3wZCExjeSatLE/HBaXS5vqUOQk6GtBdIIKxiFdmm01mOQZX/POJkO3SUX1wDiYcwUOJwT23scFSC9fY2H8IA==}
    engines: {node: '>=6.0.0'}

  nodemailer@6.10.1:
    resolution: {integrity: sha512-Z+iLaBGVaSjbIzQ4pX6XV41HrooLsQ10ZWPUehGmuantvzWoDVBnmsdUcOIDM1t+yPor5pDhVlDESgOMEGxhHA==}
    engines: {node: '>=6.0.0'}

  nodemailer@6.9.16:
    resolution: {integrity: sha512-psAuZdTIRN08HKVd/E8ObdV6NO7NTBY3KsC30F7M4H1OnmLCUNaS56FpYxyb26zWLSyYF9Ozch9KYHhHegsiOQ==}
    engines: {node: '>=6.0.0'}

  npm-run-path@4.0.1:
    resolution: {integrity: sha512-S48WzZW777zhNIrn7gxOlISNAqi9ZC/uQFnRdbeIHhZhCA6UqpkOT8T1G7BvfdgP4Er8gF4sUbaS0i7QvIfCWw==}
    engines: {node: '>=8'}

  object-treeify@1.1.33:
    resolution: {integrity: sha512-EFVjAYfzWqWsBMRHPMAXLCDIJnpMhdWAqR7xG6M6a2cs6PMFpl/+Z20w9zDW4vkxOFfddegBKq9Rehd0bxWE7A==}
    engines: {node: '>= 10'}

  on-exit-leak-free@2.1.2:
    resolution: {integrity: sha512-0eJJY6hXLGf1udHwfNftBqH+g73EU4B504nZeKpz1sYRKafAghwxEJunB2O7rDZkL4PGfsMVnTXZ2EjibbqcsA==}
    engines: {node: '>=14.0.0'}

  onetime@5.1.2:
    resolution: {integrity: sha512-kbpaSSGJTWdAY5KPVeMOKXSrPtr8C8C7wodJbcsd51jRnmD+GZu8Y0VoU6Dm5Z4vWr0Ig/1NKuWRKf7j5aaYSg==}
    engines: {node: '>=6'}

  parseley@0.12.1:
    resolution: {integrity: sha512-e6qHKe3a9HWr0oMRVDTRhKce+bRO8VGQR3NyVwcjwrbhMmFCX9KszEV35+rn4AdilFAq9VPxP/Fe1wC9Qjd2lw==}

  path-key@3.1.1:
    resolution: {integrity: sha512-ojmeN0qd+y0jszEtoY48r0Peq5dwMEkIlCOu6Q5f41lfkswXuKtYrhgoTpLnyIcHm24Uhqx+5Tqm2InSwLhE6Q==}
    engines: {node: '>=8'}

  peberminta@0.9.0:
    resolution: {integrity: sha512-XIxfHpEuSJbITd1H3EeQwpcZbTLHc+VVr8ANI9t5sit565tsI4/xK3KWTUFE2e6QiangUkh3B0jihzmGnNrRsQ==}

  picomatch@4.0.2:
    resolution: {integrity: sha512-M7BAV6Rlcy5u+m6oPhAPFgJTzAioX/6B0DxyvDlo9l8+T3nLKbrczg2WLUyzd45L8RqfUMyGPzekbMvX2Ldkwg==}
    engines: {node: '>=12'}

  pino-abstract-transport@2.0.0:
    resolution: {integrity: sha512-F63x5tizV6WCh4R6RHyi2Ml+M70DNRXt/+HANowMflpgGFMAym/VKm6G7ZOQRjqN7XbGxK1Lg9t6ZrtzOaivMw==}

  pino-std-serializers@7.0.0:
    resolution: {integrity: sha512-e906FRY0+tV27iq4juKzSYPbUj2do2X2JX4EzSca1631EB2QJQUqGbDuERal7LCtOpxl6x3+nvo9NPZcmjkiFA==}

  pino@9.6.0:
    resolution: {integrity: sha512-i85pKRCt4qMjZ1+L7sy2Ag4t1atFcdbEt76+7iRJn1g2BvsnRMGu9p8pivl9fs63M2kF/A0OacFZhTub+m/qMg==}
    hasBin: true

  process-warning@4.0.1:
    resolution: {integrity: sha512-3c2LzQ3rY9d0hc1emcsHhfT9Jwz0cChib/QN89oME2R451w5fy3f0afAhERFZAwrbDU43wk12d0ORBpDVME50Q==}

  punycode.js@2.3.1:
    resolution: {integrity: sha512-uxFIHU0YlHYhDQtV4R9J6a52SLx28BCjT+4ieh7IGbgwVJWO+km431c4yRlREUAsAmt/uMjQUyQHNEPf0M39CA==}
    engines: {node: '>=6'}

  quick-format-unescaped@4.0.4:
    resolution: {integrity: sha512-tYC1Q1hgyRuHgloV/YXs2w15unPVh8qfu/qCTfhTYamaw7fyhumKa2yGpdSo87vY32rIclj+4fWYQXUMs9EHvg==}

  real-require@0.2.0:
    resolution: {integrity: sha512-57frrGM/OCTLqLOAh0mhVA9VBMHd+9U7Zb2THMGdBUoZVOtGbJzjxsYGDJ3A9AYYCP4hn6y1TVbaOfzWtm5GFg==}
    engines: {node: '>= 12.13.0'}

  safe-stable-stringify@2.5.0:
    resolution: {integrity: sha512-b3rppTKm9T+PsVCBEOUR46GWI7fdOs00VKZ1+9c1EWDaDMvjQc6tUwuFyIprgGgTcWoVHSKrU8H31ZHA2e0RHA==}
    engines: {node: '>=10'}

  safer-buffer@2.1.2:
    resolution: {integrity: sha512-YZo3K82SD7Riyi0E1EQPojLz7kpepnSQI9IyPbHHg1XXXevb5dJI7tpyN2ADxGcQbHG7vcyRHk0cbwqcQriUtg==}

  selderee@0.11.0:
    resolution: {integrity: sha512-5TF+l7p4+OsnP8BCCvSyZiSPc4x4//p5uPwK8TCnVPJYRmU2aYKMpOXvw8zM5a5JvuuCGN1jmsMwuU2W02ukfA==}

  shebang-command@2.0.0:
    resolution: {integrity: sha512-kHxr2zZpYtdmrN1qDjrrX/Z1rR1kG8Dx+gkpK1G4eXmvXswmcE1hTWBWYUzlraYw1/yZp6YuDY77YtvbN0dmDA==}
    engines: {node: '>=8'}

  shebang-regex@3.0.0:
    resolution: {integrity: sha512-7++dFhtcx3353uBaq8DDR4NuxBetBzC7ZQOhmTQInHEd6bSrXdiEyzCvG07Z44UYdLShWUyXt5M/yhz8ekcb1A==}
    engines: {node: '>=8'}

  signal-exit@3.0.7:
    resolution: {integrity: sha512-wnD2ZE+l+SPC/uoS0vXeE9L1+0wuaMqKlfz9AMUo38JsyLSBWSFcHR1Rri62LZc12vLr1gb3jl7iwQhgwpAbGQ==}

  smart-buffer@4.2.0:
    resolution: {integrity: sha512-94hK0Hh8rPqQl2xXc3HsaBoOXKV20MToPkcXvwbISWLEs+64sBq5kFgn2kJDHb1Pry9yrP0dxrCI9RRci7RXKg==}
    engines: {node: '>= 6.0.0', npm: '>= 3.0.0'}

  socks@2.8.4:
    resolution: {integrity: sha512-D3YaD0aRxR3mEcqnidIs7ReYJFVzWdd6fXJYUM8ixcQcJRGTka/b3saV0KflYhyVJXKhb947GndU35SxYNResQ==}
    engines: {node: '>= 10.0.0', npm: '>= 3.0.0'}

  sonic-boom@4.2.0:
    resolution: {integrity: sha512-INb7TM37/mAcsGmc9hyyI6+QR3rR1zVRu36B0NeGXKnOOLiZOfER5SA+N7X7k3yUYRzLWafduTDvJAfDswwEww==}

  split2@4.2.0:
    resolution: {integrity: sha512-UcjcJOWknrNkF6PLX83qcHM6KHgVKNkV62Y8a5uYDVv9ydGQVwAHMKqHdJje1VTWpljG0WYpCDhrCdAOYH4TWg==}
    engines: {node: '>= 10.x'}

  sprintf-js@1.1.3:
    resolution: {integrity: sha512-Oo+0REFV59/rz3gfJNKQiBlwfHaSESl1pcGyABQsnnIfWOFt6JNj5gCog2U6MLZ//IGYD+nA8nI+mTShREReaA==}

  strip-final-newline@2.0.0:
    resolution: {integrity: sha512-BrpvfNAE3dcvq7ll3xVumzjKjZQ5tI1sEUIKr3Uoks0XUl45St3FlatVqef9prk4jRDzhW6WZg+3bk93y6pLjA==}
    engines: {node: '>=6'}

  thread-stream@3.1.0:
    resolution: {integrity: sha512-OqyPZ9u96VohAyMfJykzmivOrY2wfMSf3C5TtFJVgN+Hm6aj+voFhlK+kZEIv2FBh1X6Xp3DlnCOfEQ3B2J86A==}

  tlds@1.255.0:
    resolution: {integrity: sha512-tcwMRIioTcF/FcxLev8MJWxCp+GUALRhFEqbDoZrnowmKSGqPrl5pqS+Sut2m8BgJ6S4FExCSSpGffZ0Tks6Aw==}
    hasBin: true

  uc.micro@2.1.0:
    resolution: {integrity: sha512-ARDJmphmdvUk6Glw7y9DQ2bFkKBHwQHLi2lsaH6PPmz/Ka9sFOBsBluozhDltWmnv9u/cF6Rt87znRTPV+yp/A==}

  undici-types@6.21.0:
    resolution: {integrity: sha512-iwDZqg0QAGrg9Rav5H4n0M64c3mkR59cJ6wQp+7C4nI0gsmExaedaYLNO44eT4AtBBwjbTiGPMlt2Md0T9H9JQ==}

  which@2.0.2:
    resolution: {integrity: sha512-BLI3Tl1TW3Pvl70l3yq3Y64i+awpwXqsGBYWkkqMtnbXgrMD+yj7rhW0kuEDxzJaYXGjEW5ogapKNMEKNMjibA==}
    engines: {node: '>= 8'}
    hasBin: true

  which@4.0.0:
    resolution: {integrity: sha512-GlaYyEb07DPxYCKhKzplCWBJtvxZcZMrL+4UkrTSJHHPyZU4mYYTv3qaOe77H7EODLSSopAUFAc6W8U4yqvscg==}
    engines: {node: ^16.13.0 || >=18.0.0}
    hasBin: true

snapshots:

  '@dotenvx/dotenvx@1.41.0':
    dependencies:
      commander: 11.1.0
      dotenv: 16.5.0
      eciesjs: 0.4.14
      execa: 5.1.1
      fdir: 6.4.4(picomatch@4.0.2)
      ignore: 5.3.2
      object-treeify: 1.1.33
      picomatch: 4.0.2
      which: 4.0.0

  '@ecies/ciphers@0.2.3(@noble/ciphers@1.2.1)':
    dependencies:
      '@noble/ciphers': 1.2.1

  '@esbuild/aix-ppc64@0.25.2':
    optional: true

  '@esbuild/android-arm64@0.25.2':
    optional: true

  '@esbuild/android-arm@0.25.2':
    optional: true

  '@esbuild/android-x64@0.25.2':
    optional: true

  '@esbuild/darwin-arm64@0.25.2':
    optional: true

  '@esbuild/darwin-x64@0.25.2':
    optional: true

  '@esbuild/freebsd-arm64@0.25.2':
    optional: true

  '@esbuild/freebsd-x64@0.25.2':
    optional: true

  '@esbuild/linux-arm64@0.25.2':
    optional: true

  '@esbuild/linux-arm@0.25.2':
    optional: true

  '@esbuild/linux-ia32@0.25.2':
    optional: true

  '@esbuild/linux-loong64@0.25.2':
    optional: true

  '@esbuild/linux-mips64el@0.25.2':
    optional: true

  '@esbuild/linux-ppc64@0.25.2':
    optional: true

  '@esbuild/linux-riscv64@0.25.2':
    optional: true

  '@esbuild/linux-s390x@0.25.2':
    optional: true

  '@esbuild/linux-x64@0.25.2':
    optional: true

  '@esbuild/netbsd-arm64@0.25.2':
    optional: true

  '@esbuild/netbsd-x64@0.25.2':
    optional: true

  '@esbuild/openbsd-arm64@0.25.2':
    optional: true

  '@esbuild/openbsd-x64@0.25.2':
    optional: true

  '@esbuild/sunos-x64@0.25.2':
    optional: true

  '@esbuild/win32-arm64@0.25.2':
    optional: true

  '@esbuild/win32-ia32@0.25.2':
    optional: true

  '@esbuild/win32-x64@0.25.2':
    optional: true

  '@noble/ciphers@1.2.1': {}

  '@noble/curves@1.8.2':
    dependencies:
      '@noble/hashes': 1.7.2

  '@noble/hashes@1.7.2': {}

  '@selderee/plugin-htmlparser2@0.11.0':
    dependencies:
      domhandler: 5.0.3
      selderee: 0.11.0

  '@types/imapflow@1.0.20':
    dependencies:
      '@types/node': 22.14.1

  '@types/mailparser@3.4.5':
    dependencies:
      '@types/node': 22.14.1
      iconv-lite: 0.6.3

  '@types/node@22.14.1':
    dependencies:
      undici-types: 6.21.0

  '@types/nodemailer@6.4.17':
    dependencies:
      '@types/node': 22.14.1

  atomic-sleep@1.0.0: {}

  commander@11.1.0: {}

  cross-spawn@7.0.6:
    dependencies:
      path-key: 3.1.1
      shebang-command: 2.0.0
      which: 2.0.2

  deepmerge@4.3.1: {}

  dom-serializer@2.0.0:
    dependencies:
      domelementtype: 2.3.0
      domhandler: 5.0.3
      entities: 4.5.0

  domelementtype@2.3.0: {}

  domhandler@5.0.3:
    dependencies:
      domelementtype: 2.3.0

  domutils@3.2.2:
    dependencies:
      dom-serializer: 2.0.0
      domelementtype: 2.3.0
      domhandler: 5.0.3

  dotenv@16.5.0: {}

  eciesjs@0.4.14:
    dependencies:
      '@ecies/ciphers': 0.2.3(@noble/ciphers@1.2.1)
      '@noble/ciphers': 1.2.1
      '@noble/curves': 1.8.2
      '@noble/hashes': 1.7.2

  encoding-japanese@2.2.0: {}

  entities@4.5.0: {}

  esbuild@0.25.2:
    optionalDependencies:
      '@esbuild/aix-ppc64': 0.25.2
      '@esbuild/android-arm': 0.25.2
      '@esbuild/android-arm64': 0.25.2
      '@esbuild/android-x64': 0.25.2
      '@esbuild/darwin-arm64': 0.25.2
      '@esbuild/darwin-x64': 0.25.2
      '@esbuild/freebsd-arm64': 0.25.2
      '@esbuild/freebsd-x64': 0.25.2
      '@esbuild/linux-arm': 0.25.2
      '@esbuild/linux-arm64': 0.25.2
      '@esbuild/linux-ia32': 0.25.2
      '@esbuild/linux-loong64': 0.25.2
      '@esbuild/linux-mips64el': 0.25.2
      '@esbuild/linux-ppc64': 0.25.2
      '@esbuild/linux-riscv64': 0.25.2
      '@esbuild/linux-s390x': 0.25.2
      '@esbuild/linux-x64': 0.25.2
      '@esbuild/netbsd-arm64': 0.25.2
      '@esbuild/netbsd-x64': 0.25.2
      '@esbuild/openbsd-arm64': 0.25.2
      '@esbuild/openbsd-x64': 0.25.2
      '@esbuild/sunos-x64': 0.25.2
      '@esbuild/win32-arm64': 0.25.2
      '@esbuild/win32-ia32': 0.25.2
      '@esbuild/win32-x64': 0.25.2

  execa@5.1.1:
    dependencies:
      cross-spawn: 7.0.6
      get-stream: 6.0.1
      human-signals: 2.1.0
      is-stream: 2.0.1
      merge-stream: 2.0.0
      npm-run-path: 4.0.1
      onetime: 5.1.2
      signal-exit: 3.0.7
      strip-final-newline: 2.0.0

  fast-redact@3.5.0: {}

  fdir@6.4.4(picomatch@4.0.2):
    optionalDependencies:
      picomatch: 4.0.2

  get-stream@6.0.1: {}

  he@1.2.0: {}

  html-to-text@9.0.5:
    dependencies:
      '@selderee/plugin-htmlparser2': 0.11.0
      deepmerge: 4.3.1
      dom-serializer: 2.0.0
      htmlparser2: 8.0.2
      selderee: 0.11.0

  htmlparser2@8.0.2:
    dependencies:
      domelementtype: 2.3.0
      domhandler: 5.0.3
      domutils: 3.2.2
      entities: 4.5.0

  human-signals@2.1.0: {}

  iconv-lite@0.6.3:
    dependencies:
      safer-buffer: 2.1.2

  ignore@5.3.2: {}

  imapflow@1.0.184:
    dependencies:
      encoding-japanese: 2.2.0
      iconv-lite: 0.6.3
      libbase64: 1.3.0
      libmime: 5.3.6
      libqp: 2.1.1
      mailsplit: 5.4.3
      nodemailer: 6.10.0
      pino: 9.6.0
      socks: 2.8.4

  ip-address@9.0.5:
    dependencies:
      jsbn: 1.1.0
      sprintf-js: 1.1.3

  is-stream@2.0.1: {}

  isexe@2.0.0: {}

  isexe@3.1.1: {}

  jsbn@1.1.0: {}

  leac@0.6.0: {}

  libbase64@1.3.0: {}

  libmime@5.3.6:
    dependencies:
      encoding-japanese: 2.2.0
      iconv-lite: 0.6.3
      libbase64: 1.3.0
      libqp: 2.1.1

  libqp@2.1.1: {}

  linkify-it@5.0.0:
    dependencies:
      uc.micro: 2.1.0

  mailparser@3.7.2:
    dependencies:
      encoding-japanese: 2.2.0
      he: 1.2.0
      html-to-text: 9.0.5
      iconv-lite: 0.6.3
      libmime: 5.3.6
      linkify-it: 5.0.0
      mailsplit: 5.4.2
      nodemailer: 6.9.16
      punycode.js: 2.3.1
      tlds: 1.255.0

  mailsplit@5.4.2:
    dependencies:
      libbase64: 1.3.0
      libmime: 5.3.6
      libqp: 2.1.1

  mailsplit@5.4.3:
    dependencies:
      libbase64: 1.3.0
      libmime: 5.3.6
      libqp: 2.1.1

  merge-stream@2.0.0: {}

  mimic-fn@2.1.0: {}

  nodemailer@6.10.0: {}

  nodemailer@6.10.1: {}

  nodemailer@6.9.16: {}

  npm-run-path@4.0.1:
    dependencies:
      path-key: 3.1.1

  object-treeify@1.1.33: {}

  on-exit-leak-free@2.1.2: {}

  onetime@5.1.2:
    dependencies:
      mimic-fn: 2.1.0

  parseley@0.12.1:
    dependencies:
      leac: 0.6.0
      peberminta: 0.9.0

  path-key@3.1.1: {}

  peberminta@0.9.0: {}

  picomatch@4.0.2: {}

  pino-abstract-transport@2.0.0:
    dependencies:
      split2: 4.2.0

  pino-std-serializers@7.0.0: {}

  pino@9.6.0:
    dependencies:
      atomic-sleep: 1.0.0
      fast-redact: 3.5.0
      on-exit-leak-free: 2.1.2
      pino-abstract-transport: 2.0.0
      pino-std-serializers: 7.0.0
      process-warning: 4.0.1
      quick-format-unescaped: 4.0.4
      real-require: 0.2.0
      safe-stable-stringify: 2.5.0
      sonic-boom: 4.2.0
      thread-stream: 3.1.0

  process-warning@4.0.1: {}

  punycode.js@2.3.1: {}

  quick-format-unescaped@4.0.4: {}

  real-require@0.2.0: {}

  safe-stable-stringify@2.5.0: {}

  safer-buffer@2.1.2: {}

  selderee@0.11.0:
    dependencies:
      parseley: 0.12.1

  shebang-command@2.0.0:
    dependencies:
      shebang-regex: 3.0.0

  shebang-regex@3.0.0: {}

  signal-exit@3.0.7: {}

  smart-buffer@4.2.0: {}

  socks@2.8.4:
    dependencies:
      ip-address: 9.0.5
      smart-buffer: 4.2.0

  sonic-boom@4.2.0:
    dependencies:
      atomic-sleep: 1.0.0

  split2@4.2.0: {}

  sprintf-js@1.1.3: {}

  strip-final-newline@2.0.0: {}

  thread-stream@3.1.0:
    dependencies:
      real-require: 0.2.0

  tlds@1.255.0: {}

  uc.micro@2.1.0: {}

  undici-types@6.21.0: {}

  which@2.0.2:
    dependencies:
      isexe: 2.0.0

  which@4.0.0:
    dependencies:
      isexe: 3.1.1
